
Microsoft Visual Studio Solution File, Format Version 12.00
# Visual Studio 14
VisualStudioVersion = 14.0.25420.1
MinimumVisualStudioVersion = 10.0.40219.1
Project("{FAE04EC0-301F-11D3-BF4B-00C04F79EFBC}") = "ObjetTangibleTest", "ObjetTangibleTest\ObjetTangibleTest.csproj", "{5CE7B0AB-EEE5-4D43-A44A-ED9234C7E091}"
EndProject
Project("{FAE04EC0-301F-11D3-BF4B-00C04F79EFBC}") = "ConsoleApplication2", "ConsoleApplication2\ConsoleApplication2.csproj", "{BC44AB2B-0AE6-4297-9692-63496478838E}"
EndProject
Project("{FAE04EC0-301F-11D3-BF4B-00C04F79EFBC}") = "WpfApplication1", "WpfApplication2\WpfApplication1.csproj", "{5E2676C8-DD4C-4C9B-BD5A-6494BF900C38}"
EndProject
Project("{FAE04EC0-301F-11D3-BF4B-00C04F79EFBC}") = "TUIO_LIB", "TUIO11_NET-1.1.5\TUIO11_NET\TUIO_LIB.csproj", "{3CBF7D4A-CE06-490D-80DA-580D02C268DE}"
EndProject
Global
	GlobalSection(SolutionConfigurationPlatforms) = preSolution
		Debug|Any CPU = Debug|Any CPU
		Release|Any CPU = Release|Any CPU
	EndGlobalSection
	GlobalSection(ProjectConfigurationPlatforms) = postSolution
		{5CE7B0AB-EEE5-4D43-A44A-ED9234C7E091}.Debug|Any CPU.ActiveCfg = Debug|Any CPU
		{5CE7B0AB-EEE5-4D43-A44A-ED9234C7E091}.Debug|Any CPU.Build.0 = Debug|Any CPU
		{5CE7B0AB-EEE5-4D43-A44A-ED9234C7E091}.Release|Any CPU.ActiveCfg = Release|Any CPU
		{5CE7B0AB-EEE5-4D43-A44A-ED9234C7E091}.Release|Any CPU.Build.0 = Release|Any CPU
		{BC44AB2B-0AE6-4297-9692-63496478838E}.Debug|Any CPU.ActiveCfg = Debug|Any CPU
		{BC44AB2B-0AE6-4297-9692-63496478838E}.Debug|Any CPU.Build.0 = Debug|Any CPU
		{BC44AB2B-0AE6-4297-9692-63496478838E}.Release|Any CPU.ActiveCfg = Release|Any CPU
		{BC44AB2B-0AE6-4297-9692-63496478838E}.Release|Any CPU.Build.0 = Release|Any CPU
		{5E2676C8-DD4C-4C9B-BD5A-6494BF900C38}.Debug|Any CPU.ActiveCfg = Debug|Any CPU
		{5E2676C8-DD4C-4C9B-BD5A-6494BF900C38}.Debug|Any CPU.Build.0 = Debug|Any CPU
		{5E2676C8-DD4C-4C9B-BD5A-6494BF900C38}.Release|Any CPU.ActiveCfg = Release|Any CPU
		{5E2676C8-DD4C-4C9B-BD5A-6494BF900C38}.Release|Any CPU.Build.0 = Release|Any CPU
		{3CBF7D4A-CE06-490D-80DA-580D02C268DE}.Debug|Any CPU.ActiveCfg = Debug|Any CPU
		{3CBF7D4A-CE06-490D-80DA-580D02C268DE}.Debug|Any CPU.Build.0 = Debug|Any CPU
		{3CBF7D4A-CE06-490D-80DA-580D02C268DE}.Release|Any CPU.ActiveCfg = Release|Any CPU
		{3CBF7D4A-CE06-490D-80DA-580D02C268DE}.Release|Any CPU.Build.0 = Release|Any CPU
	EndGlobalSection
	GlobalSection(SolutionProperties) = preSolution
		HideSolutionNode = FALSE
	EndGlobalSection
EndGlobal
